
Microsoft Visual Studio Solution File, Format Version 12.00
# Visual Studio 15
VisualStudioVersion = 15.0.28307.1500
MinimumVisualStudioVersion = 10.0.40219.1
Project("{8BC9CEB8-8B4A-11D0-8D11-00A0C91BC942}") = "FL_2", "FL_2\FL_2.vcxproj", "{7C79596B-C9F7-4F13-A2A2-3AC591536EF1}"
EndProject
Global
	GlobalSection(SolutionConfigurationPlatforms) = preSolution
		Debug|x64 = Debug|x64
		Debug|x86 = Debug|x86
		Release|x64 = Release|x64
		Release|x86 = Release|x86
	EndGlobalSection
	GlobalSection(ProjectConfigurationPlatforms) = postSolution
		{7C79596B-C9F7-4F13-A2A2-3AC591536EF1}.Debug|x64.ActiveCfg = Debug|x64
		{7C79596B-C9F7-4F13-A2A2-3AC591536EF1}.Debug|x64.Build.0 = Debug|x64
		{7C79596B-C9F7-4F13-A2A2-3AC591536EF1}.Debug|x86.ActiveCfg = Debug|Win32
		{7C79596B-C9F7-4F13-A2A2-3AC591536EF1}.Debug|x86.Build.0 = Debug|Win32
		{7C79596B-C9F7-4F13-A2A2-3AC591536EF1}.Release|x64.ActiveCfg = Release|x64
		{7C79596B-C9F7-4F13-A2A2-3AC591536EF1}.Release|x64.Build.0 = Release|x64
		{7C79596B-C9F7-4F13-A2A2-3AC591536EF1}.Release|x86.ActiveCfg = Release|Win32
		{7C79596B-C9F7-4F13-A2A2-3AC591536EF1}.Release|x86.Build.0 = Release|Win32
	EndGlobalSection
	GlobalSection(SolutionProperties) = preSolution
		HideSolutionNode = FALSE
	EndGlobalSection
	GlobalSection(ExtensibilityGlobals) = postSolution
		SolutionGuid = {25DEF9AE-84E1-49DF-8A3E-2AE6A4E58A83}
	EndGlobalSection
EndGlobal
