
Microsoft Visual Studio Solution File, Format Version 12.00
# Visual Studio Version 16
VisualStudioVersion = 16.0.30907.101
MinimumVisualStudioVersion = 10.0.40219.1
Project("{8BC9CEB8-8B4A-11D0-8D11-00A0C91BC942}") = "2021_11_25", "2021_11_25\2021_11_25.vcxproj", "{1831CABF-94BD-4132-B9B4-E0FC21858D8A}"
EndProject
Global
	GlobalSection(SolutionConfigurationPlatforms) = preSolution
		Debug|x64 = Debug|x64
		Debug|x86 = Debug|x86
		Release|x64 = Release|x64
		Release|x86 = Release|x86
	EndGlobalSection
	GlobalSection(ProjectConfigurationPlatforms) = postSolution
		{1831CABF-94BD-4132-B9B4-E0FC21858D8A}.Debug|x64.ActiveCfg = Debug|x64
		{1831CABF-94BD-4132-B9B4-E0FC21858D8A}.Debug|x64.Build.0 = Debug|x64
		{1831CABF-94BD-4132-B9B4-E0FC21858D8A}.Debug|x86.ActiveCfg = Debug|Win32
		{1831CABF-94BD-4132-B9B4-E0FC21858D8A}.Debug|x86.Build.0 = Debug|Win32
		{1831CABF-94BD-4132-B9B4-E0FC21858D8A}.Release|x64.ActiveCfg = Release|x64
		{1831CABF-94BD-4132-B9B4-E0FC21858D8A}.Release|x64.Build.0 = Release|x64
		{1831CABF-94BD-4132-B9B4-E0FC21858D8A}.Release|x86.ActiveCfg = Release|Win32
		{1831CABF-94BD-4132-B9B4-E0FC21858D8A}.Release|x86.Build.0 = Release|Win32
	EndGlobalSection
	GlobalSection(SolutionProperties) = preSolution
		HideSolutionNode = FALSE
	EndGlobalSection
	GlobalSection(ExtensibilityGlobals) = postSolution
		SolutionGuid = {62011EE9-6432-4A75-B43E-8F086895FD60}
	EndGlobalSection
EndGlobal
