
Microsoft Visual Studio Solution File, Format Version 12.00
# Visual Studio 15
VisualStudioVersion = 15.0.28307.1500
MinimumVisualStudioVersion = 10.0.40219.1
Project("{8BC9CEB8-8B4A-11D0-8D11-00A0C91BC942}") = "lecture_code_02", "lecture_code_02\lecture_code_02.vcxproj", "{3E7860EA-2F3C-4E9A-8673-BD1B8E181028}"
EndProject
Global
	GlobalSection(SolutionConfigurationPlatforms) = preSolution
		Debug|x64 = Debug|x64
		Debug|x86 = Debug|x86
		Release|x64 = Release|x64
		Release|x86 = Release|x86
	EndGlobalSection
	GlobalSection(ProjectConfigurationPlatforms) = postSolution
		{3E7860EA-2F3C-4E9A-8673-BD1B8E181028}.Debug|x64.ActiveCfg = Debug|x64
		{3E7860EA-2F3C-4E9A-8673-BD1B8E181028}.Debug|x64.Build.0 = Debug|x64
		{3E7860EA-2F3C-4E9A-8673-BD1B8E181028}.Debug|x86.ActiveCfg = Debug|Win32
		{3E7860EA-2F3C-4E9A-8673-BD1B8E181028}.Debug|x86.Build.0 = Debug|Win32
		{3E7860EA-2F3C-4E9A-8673-BD1B8E181028}.Release|x64.ActiveCfg = Release|x64
		{3E7860EA-2F3C-4E9A-8673-BD1B8E181028}.Release|x64.Build.0 = Release|x64
		{3E7860EA-2F3C-4E9A-8673-BD1B8E181028}.Release|x86.ActiveCfg = Release|Win32
		{3E7860EA-2F3C-4E9A-8673-BD1B8E181028}.Release|x86.Build.0 = Release|Win32
	EndGlobalSection
	GlobalSection(SolutionProperties) = preSolution
		HideSolutionNode = FALSE
	EndGlobalSection
	GlobalSection(ExtensibilityGlobals) = postSolution
		SolutionGuid = {E0908B25-2A77-42C8-A389-D0B8DFAE8EF2}
	EndGlobalSection
EndGlobal
